{
    "_meta": {
        "hash": {
            "sha256": "3c942615a8c76d881f2f9e33eab500e1af83119efad9564b042c05a7eae9e309"
        },
        "host-environment-markers": {
            "implementation_name": "cpython",
            "implementation_version": "0",
            "os_name": "posix",
            "platform_machine": "x86_64",
            "platform_python_implementation": "CPython",
            "platform_release": "16.7.0",
            "platform_system": "Darwin",
            "platform_version": "Darwin Kernel Version 16.7.0: Thu Jun 15 17:36:27 PDT 2017; root:xnu-3789.70.16~2/RELEASE_X86_64",
            "python_full_version": "2.7.13",
            "python_version": "2.7",
            "sys_platform": "darwin"
        },
        "pipfile-spec": 6,
        "requires": {},
        "sources": [
            {
                "url": "https://pypi.python.org/simple",
                "verify_ssl": true
            }
        ]
    },
    "default": {
        "alembic": {
            "hashes": [
                "sha256:042851ebe9efa07be6dc1395b1793b6c1d8964a39b73a0ce1649e2bcd41ea732"
            ],
            "version": "==0.9.6"
        },
        "astroid": {
            "hashes": [
                "sha256:badf6917ef7eb0ade0ea6eae347aed1e3f8f4c9375a02916f5cc450b3c8a64c0",
                "sha256:71dadba2110008e2c03f9fde662ddd2053db3c0489d0e03c94e828a0399edd4f"
            ],
            "version": "==1.6.0"
        },
        "backports.functools-lru-cache": {
            "hashes": [
                "sha256:4ba998e881f285c1d1b73f5b6e3766539b4e162320f9589334400c5ddc35198c",
                "sha256:31f235852f88edc1558d428d890663c49eb4514ffec9f3650e7f3c9e4a12e36f"
            ],
            "markers": "python_version == '2.7'",
            "version": "==1.4"
        },
        "banal": {
            "hashes": [
                "sha256:63d979b8b63458dd538f10aca4ea5292b94729f60a08ad6b41b8129a9a9f716a",
                "sha256:e74bba1d96ea17af109db973c5248c1706f992550c7ee09d1660dad8062121f7"
            ],
            "version": "==0.3.3"
        },
        "bcrypt": {
            "hashes": [
                "sha256:f9210820ee4818d84658ed7df16a7f30c9fba7d8b139959950acef91745cc0f7",
                "sha256:b1e8491c6740f21b37cca77bc64677696a3fb9f32360794d57fa8477b7329eda",
                "sha256:9eced8962ce3b7124fe20fd358cf8c7470706437fa064b9874f849ad4c5866fc",
                "sha256:346d6f84ff0b493dbc90c6b77136df83e81f903f0b95525ee80e5e6d5e4eef84",
                "sha256:0f317e4ffbdd15c3c0f8ab5fbd86aa9aabc7bea18b5cc5951b456fe39e9f738c",
                "sha256:f7fd3ed3745fe6e81e28dc3b3d76cce31525a91f32a387e1febd6b982caf8cdb",
                "sha256:3b4c23300c4eded8895442c003ae9b14328ae69309ac5867e7530de8bdd7875d",
                "sha256:34dd60b90b0f6de94a89e71fcd19913a30e83091c8468d0923a93a0cccbfbbff",
                "sha256:2788c32673a2ad0062bea850ab73cffc0dba874db10d7a3682b6f2f280553f20",
                "sha256:6efd9ca20aefbaf2e7e6817a2c6ed4a50ff6900fafdea1bcb1d0e9471743b144",
                "sha256:f2fe545d27a619a552396533cddf70d83cecd880a611cdfdbb87ca6aec52f66b",
                "sha256:e22f0997622e1ceec834fd25947dc2ee2962c2133ea693d61805bc867abaf7ea",
                "sha256:c906bdb482162e9ef48eea9f8c0d967acceb5c84f2d25574c7d2a58d04861df1",
                "sha256:43d1960e7db14042319c46925892d5fa99b08ff21d57482e6f5328a1aca03588",
                "sha256:321d4d48be25b8d77594d8324c0585c80ae91ac214f62db9098734e5e7fb280f",
                "sha256:ae35dbcb6b011af6c840893b32399252d81ff57d52c13e12422e16b5fea1d0fb",
                "sha256:09a3b8c258b815eadb611bad04ca15ec77d86aa9ce56070e1af0d5932f17642a",
                "sha256:988cac675e25133d01a78f2286189c1f01974470817a33eaf4cfee573cfb72a5",
                "sha256:cb18ffdc861dbb244f14be32c47ab69604d0aca415bee53485fcea4f8e93d5ef",
                "sha256:8629ea6a8a59f865add1d6a87464c3c676e60101b8d16ef404d0a031424a8491",
                "sha256:a005ed6163490988711ff732386b08effcbf8df62ae93dd1e5bda0714fad8afb",
                "sha256:d86da365dda59010ba0d1ac45aa78390f56bf7f992e65f70b3b081d5e5257b09",
                "sha256:8569844a5d8e1fdde4d7712a05ab2e6061343ac34af6e7e3d7935b2bd1907bfd",
                "sha256:0872eeecdf9a429c1420158500eedb323a132bc5bf3339475151c52414729e70",
                "sha256:01477981abf74e306e8ee31629a940a5e9138de000c6b0898f7f850461c4a0a5",
                "sha256:49e96267cd9be55a349fd74f9852eb9ae2c427cd7f6455d0f1765d7332292832",
                "sha256:9a6fedda73aba1568962f7543a1f586051c54febbc74e87769bad6a4b8587c39",
                "sha256:054d6e0acaea429e6da3613fcd12d05ee29a531794d96f6ab959f29a39f33391",
                "sha256:67ed1a374c9155ec0840214ce804616de49c3df9c5bc66740687c1c9b1cd9e8d"
            ],
            "version": "==3.1.4"
        },
        "beaker": {
            "hashes": [
                "sha256:317d0f9a3618364a4ce447d227b698bd7cdcad57301326ce8013d200abd695bf"
            ],
            "version": "==1.9.0"
        },
        "bottle": {
            "hashes": [
                "sha256:39b751aee0b167be8dffb63ca81b735bbf1dd0905b3bc42761efedee8f123355"
            ],
            "version": "==0.12.13"
        },
        "bottle-utils": {
            "hashes": [
                "sha256:4edc79201a7c88b7ad471730136ce4d30e008ef006a0a559bab460d37b5f7c5d",
                "sha256:c84e582bfe55ddf75d3923d682ec7ca3117c08a66b9ce8c05dae603275664879"
            ],
            "version": "==2.0.post2"
        },
        "certifi": {
            "hashes": [
                "sha256:244be0d93b71e93fc0a0a479862051414d0e00e16435707e5bf5000f92e04694",
                "sha256:5ec74291ca1136b40f0379e1128ff80e866597e4e2c1e755739a913bbc3613c0"
            ],
            "version": "==2017.11.5"
        },
        "cffi": {
            "hashes": [
                "sha256:b2721aa579a2437993dbfba385a293a177f3266bc6972afa1d470a22fed40361",
                "sha256:07e8c6124ba7254b59c21c87ab5b26f22cd40f0f362df2a9a5a9b1934048058c",
                "sha256:95ce8f1238d518500b610c1415b6f5c41df84c63bea825e4318f4d760d507a9f",
                "sha256:a15008c00aade147f88034a8aed6c07bcc8ac7dc40f2d4364ddacbf4054586a0",
                "sha256:a1b6b5287377817a2256654f8508e692dc0dff5bc3f8d42565835b19942d7e34",
                "sha256:ced5ab52bbabdcc8a0367f45f0fc3a78b58b29300ead8d9bf09b9fd172172e52",
                "sha256:0bb23614864c67bc3c8fe49f27ce99fe5613370f3a8c05d1ef662600cc5dc71c",
                "sha256:cdd4eeec5e80f5049e57b81116b0efacc874d20e9ba64dd5a1058b9b300524f4",
                "sha256:bd08ed3544b8d4190ca43efc2bcadbe55adb4d9c809a17b7bec0ebacec392d96",
                "sha256:8db5b1f65ae09859c1fd1a39b5d42b1c0173fe0eba5b57538d3367d71bd111bb",
                "sha256:e64191679cf81ea74a491b9a64ec9477b721c55e32dbba378911ccc70fb3df95",
                "sha256:f510f8f13ce68509f1af27026f957a40e4449a405a4bd1bd9edb440763736b2e",
                "sha256:9d530690e32fcf17c6656f98451617172b0c98c6a6789942acdb65b4d1b4dc3b",
                "sha256:02367ee9fa7c3b11466a5e323a659880da60d1fe48ef90b3320b582b5269b36c",
                "sha256:6153aff67c35d0eaab51f90f5e3cbb8c4b85a7fbce2672c50f7c68d44385f5dc",
                "sha256:eb55f7daba4f54e01e05a2e35f7ffc1470a413e8ad2bb9e242638dfa50d0ded5",
                "sha256:68ffc820cf5367df54d4289dd5edcc5c90269ee82314b911302151c02eb1135e",
                "sha256:5a573b8b60117baf795c3a63ae869da29c4c399c6783b8c868572a7f4dca1d14",
                "sha256:49f8ac0fc18d26cbf6ef535af05ace1c08d59e95d9b16e03336dda1ba1445a13",
                "sha256:6768d18aef61c0530094d4908fd21cbd2905651fb62ae2cf15a832446296e3ab",
                "sha256:ce54317605fa5eb197e69e955359c9b348e9b4976b1691c92a4da214597f45eb",
                "sha256:65c9eb28b4534ec166de4c76fdfd7924b261bea5930e372b53a0ab4ccbbe9ba2",
                "sha256:0a484c16dcf4407331662cb7fe76215ca0390e03c4636e3beedfac8295fa7e06",
                "sha256:d710b6ba1fefd5c221b0fcda68b5c009c40143453b5f29cfea4f659815150e96",
                "sha256:5e076bc20a6824759011ef90b0ee18285059a56e7dfa7fec85b85667b029219b",
                "sha256:d54078395b772912bbe1b260a7417ff908680a76df7d4ef43637b01a369d514b",
                "sha256:8456abb0f892eb7d545f9ce94f4ba78d651365b1a59f9ce9ae7b5325a95dc698"
            ],
            "version": "==1.11.3"
        },
        "chardet": {
            "hashes": [
                "sha256:fc323ffcaeaed0e0a02bf4d117757b98aed530d9ed4531e3e15460124c106691",
                "sha256:84ab92ed1c4d4f16916e05906b6b75a6c0fb5db821cc65e70cbd64a3e2a5eaae"
            ],
            "version": "==3.0.4"
        },
        "configparser": {
            "hashes": [
                "sha256:5308b47021bc2340965c371f0f058cc6971a04502638d4244225c49d80db273a"
            ],
            "markers": "python_version == '2.7'",
            "version": "==3.5.0"
        },
        "dataset": {
            "hashes": [
                "sha256:96ca4fc93426420055b19ac5347afbe7d3facba3b16f87248f92770701395955",
                "sha256:1cba9e61ff725f3d97890c75b9162bacb2ba213cc32365fa01ecfb364ace1420"
            ],
            "version": "==1.0.5"
        },
        "dogecoin-python": {
            "hashes": [
                "sha256:5b03879b9e7856827d039546db55917b920952caef23c2d9aa26857ecc1f3d08"
            ],
            "version": "==0.1.3"
        },
        "enum34": {
            "hashes": [
                "sha256:6bd0f6ad48ec2aa117d3d141940d484deccda84d4fcd884f5c3d93c23ecd8c79",
                "sha256:644837f692e5f550741432dd3f223bbb9852018674981b1664e5dc339387588a",
                "sha256:8ad8c4783bf61ded74527bffb48ed9b54166685e4230386a9ed9b1279e2df5b1",
                "sha256:2d81cbbe0e73112bdfe6ef8576f2238f2ba27dd0d55752a776c41d38b7da2850"
            ],
            "markers": "python_version < '3.4'",
            "version": "==1.1.6"
        },
        "funcsigs": {
            "hashes": [
                "sha256:330cc27ccbf7f1e992e69fef78261dc7c6569012cf397db8d3de0234e6c937ca",
                "sha256:a7bb0f2cf3a3fd1ab2732cb49eba4252c2af4240442415b4abce3b87022a8f50"
            ],
            "version": "==1.0.2"
        },
        "hashids": {
            "hashes": [
                "sha256:6539b892a426e75747a9c0ad69409e9566f9c21b79310fc3424b5b6726f28da6"
            ],
            "version": "==1.2.0"
        },
        "idna": {
            "hashes": [
                "sha256:8c7309c718f94b3a625cb648ace320157ad16ff131ae0af362c9f21b80ef6ec4",
                "sha256:2c6a5de3089009e3da7c5dde64a141dbc8551d5b7f6cf4ed7c2568d0cc520a8f"
            ],
            "version": "==2.6"
        },
        "isort": {
            "hashes": [
                "sha256:cd5d3fc2c16006b567a17193edf4ed9830d9454cbeb5a42ac80b36ea00c23db4",
                "sha256:79f46172d3a4e2e53e7016e663cc7a8b538bec525c36675fcfd2767df30b3983"
            ],
            "version": "==4.2.15"
        },
        "itsdangerous": {
            "hashes": [
                "sha256:cbb3fcf8d3e33df861709ecaf89d9e6629cff0a217bc2848f1b41cd30d360519"
            ],
            "version": "==0.24"
        },
        "lazy-object-proxy": {
            "hashes": [
                "sha256:209615b0fe4624d79e50220ce3310ca1a9445fd8e6d3572a896e7f9146bbf019",
                "sha256:1b668120716eb7ee21d8a38815e5eb3bb8211117d9a90b0f8e21722c0758cc39",
                "sha256:cb924aa3e4a3fb644d0c463cad5bc2572649a6a3f68a7f8e4fbe44aaa6d77e4c",
                "sha256:2c1b21b44ac9beb0fc848d3993924147ba45c4ebc24be19825e57aabbe74a99e",
                "sha256:320ffd3de9699d3892048baee45ebfbbf9388a7d65d832d7e580243ade426d2b",
                "sha256:2df72ab12046a3496a92476020a1a0abf78b2a7db9ff4dc2036b8dd980203ae6",
                "sha256:27ea6fd1c02dcc78172a82fc37fcc0992a94e4cecf53cb6d73f11749825bd98b",
                "sha256:e5b9e8f6bda48460b7b143c3821b21b452cb3a835e6bbd5dd33aa0c8d3f5137d",
                "sha256:7661d401d60d8bf15bb5da39e4dd72f5d764c5aff5a86ef52a042506e3e970ff",
                "sha256:61a6cf00dcb1a7f0c773ed4acc509cb636af2d6337a08f362413c76b2b47a8dd",
                "sha256:bd6292f565ca46dee4e737ebcc20742e3b5be2b01556dafe169f6c65d088875f",
                "sha256:933947e8b4fbe617a51528b09851685138b49d511af0b6c0da2539115d6d4514",
                "sha256:d0fc7a286feac9077ec52a927fc9fe8fe2fabab95426722be4c953c9a8bede92",
                "sha256:7f3a2d740291f7f2c111d86a1c4851b70fb000a6c8883a59660d95ad57b9df35",
                "sha256:5276db7ff62bb7b52f77f1f51ed58850e315154249aceb42e7f4c611f0f847ff",
                "sha256:94223d7f060301b3a8c09c9b3bc3294b56b2188e7d8179c762a1cda72c979252",
                "sha256:6ae6c4cb59f199d8827c5a07546b2ab7e85d262acaccaacd49b62f53f7c456f7",
                "sha256:f460d1ceb0e4a5dcb2a652db0904224f367c9b3c1470d5a7683c0480e582468b",
                "sha256:e81ebf6c5ee9684be8f2c87563880f93eedd56dd2b6146d8a725b50b7e5adb0f",
                "sha256:81304b7d8e9c824d058087dcb89144842c8e0dea6d281c031f59f0acf66963d4",
                "sha256:ddc34786490a6e4ec0a855d401034cbd1242ef186c20d79d2166d6a4bd449577",
                "sha256:7bd527f36a605c914efca5d3d014170b2cb184723e423d26b1fb2fd9108e264d",
                "sha256:ab3ca49afcb47058393b0122428358d2fbe0408cf99f1b58b295cfeb4ed39109",
                "sha256:7cb54db3535c8686ea12e9535eb087d32421184eacc6939ef15ef50f83a5e7e2",
                "sha256:0ce34342b419bd8f018e6666bfef729aec3edf62345a53b537a4dcc115746a33",
                "sha256:e34b155e36fa9da7e1b7c738ed7767fc9491a62ec6af70fe9da4a057759edc2d",
                "sha256:50e3b9a464d5d08cc5227413db0d1c4707b6172e4d4d915c1c70e4de0bbff1f5",
                "sha256:27bf62cb2b1a2068d443ff7097ee33393f8483b570b475db8ebf7e1cba64f088",
                "sha256:eb91be369f945f10d3a49f5f9be8b3d0b93a4c2be8f8a5b83b0571b8123e0a7a"
            ],
            "version": "==1.3.1"
        },
        "mako": {
            "hashes": [
                "sha256:4e02fde57bd4abb5ec400181e4c314f56ac3e49ba4fb8b0d50bba18cb27d25ae"
            ],
            "version": "==1.0.7"
        },
        "markupsafe": {
            "hashes": [
                "sha256:a6be69091dac236ea9c6bc7d012beab42010fa914c459791d627dad4910eb665"
            ],
            "version": "==1.0"
        },
        "mccabe": {
            "hashes": [
                "sha256:ab8a6258860da4b6677da4bd2fe5dc2c659cff31b3ee4f7f5d64e79735b80d42",
                "sha256:dd8d182285a0fe56bace7f45b5e7d1a6ebcbf524e8f3bd87eb0f125271b8831f"
            ],
            "version": "==0.6.1"
        },
        "normality": {
            "hashes": [
                "sha256:860848e89078d330f7bfae12f1c76959acfd96fedd0eb8c6e46b5933d21d2278",
                "sha256:05ac6f06f9bf7e102b67806bcf1c61b3c15be3333f5dc6ca80cf21ae21dddb8a"
            ],
            "version": "==0.5.7"
        },
        "oauthlib": {
            "hashes": [
                "sha256:ce57b501e906ff4f614e71c36a3ab9eacbb96d35c24d1970d2539bbc3ec70ce1"
            ],
            "version": "==2.0.6"
        },
        "passlib": {
            "hashes": [
                "sha256:43526aea08fa32c6b6dbbbe9963c4c767285b78147b7437597f992812f69d280",
                "sha256:3d948f64138c25633613f303bcc471126eae67c04d5e3f6b7b8ce6242f8653e0"
            ],
            "version": "==1.7.1"
        },
        "pycparser": {
            "hashes": [
                "sha256:99a8ca03e29851d96616ad0404b4aad7d9ee16f25c9f9708a11faf2810f7b226"
            ],
            "version": "==2.18"
        },
        "pycrypto": {
            "hashes": [
                "sha256:f2ce1e989b272cfcb677616763e0a2e7ec659effa67a88aa92b3a65528f60a3c"
            ],
            "version": "==2.6.1"
        },
        "pylint": {
            "hashes": [
                "sha256:c8e59da0f2f9990eb00aad1c1de16cd7809315842ebccc3f65ca9df46213df3b",
                "sha256:3035e44e37cd09919e9edad5573af01d7c6b9c52a0ebb4781185ae7ab690458b"
            ],
            "version": "==1.8.1"
        },
        "python-dateutil": {
            "hashes": [
                "sha256:95511bae634d69bc7329ba55e646499a842bc4ec342ad54a8cdb65645a0aad3c",
                "sha256:891c38b2a02f5bb1be3e4793866c8df49c7d19baabf9c1bad62547e0b4866aca"
            ],
            "version": "==2.6.1"
        },
        "python-editor": {
            "hashes": [
                "sha256:a3c066acee22a1c94f63938341d4fb374e3fdd69366ed6603d7b24bed1efc565"
            ],
            "version": "==1.0.3"
        },
        "requests": {
            "hashes": [
                "sha256:6a1b267aa90cac58ac3a765d067950e7dbbf75b1da07e895d1f594193a40a38b",
                "sha256:9c443e7324ba5b85070c4a818ade28bfabedf16ea10206da1132edaa6dda237e"
            ],
            "version": "==2.18.4"
        },
        "requests-oauthlib": {
            "hashes": [
                "sha256:50a8ae2ce8273e384895972b56193c7409601a66d4975774c60c2aed869639ca",
                "sha256:883ac416757eada6d3d07054ec7092ac21c7f35cb1d2cf82faf205637081f468"
            ],
            "version": "==0.8.0"
        },
        "singledispatch": {
            "hashes": [
                "sha256:833b46966687b3de7f438c761ac475213e53b306740f1abfaa86e1d1aae56aa8",
                "sha256:5b06af87df13818d14f08a028e42f566640aef80805c3b50c5056b086e3c2b9c"
            ],
            "markers": "python_version < '3.4'",
            "version": "==3.4.0.3"
        },
        "six": {
            "hashes": [
                "sha256:832dc0e10feb1aa2c68dcc57dbb658f1c7e65b9b61af69048abc87a2db00a0eb",
                "sha256:70e8a77beed4562e7f14fe23a786b54f6296e34344c23bc42f07b15018ff98e9"
            ],
            "version": "==1.11.0"
        },
        "sqlalchemy": {
            "hashes": [
                "sha256:7dda3e0b1b12215e3bb05368d1abbf7d747112a43738e0a4e6deb466b83fd88e"
            ],
            "version": "==1.2.0"
        },
        "tweepy": {
            "hashes": [
                "sha256:12449b5ca16b0be6a3ea68fb41992627227b48bbad8cd7d5912039340d36badc",
                "sha256:f00ccf5f48c30d559ce0b750dfe3b2df6668dc799d8ce276fd90bfaa68845a58"
            ],
            "version": "==3.5.0"
        },
        "urllib3": {
            "hashes": [
                "sha256:06330f386d6e4b195fbfc736b297f58c5a892e4440e54d294d7004e3a9bbea1b",
                "sha256:cc44da8e1145637334317feebd728bd869a35285b93cbb4cca2577da7e62db4f"
            ],
            "version": "==1.22"
        },
        "wrapt": {
            "hashes": [
                "sha256:d4d560d479f2c21e1b5443bbd15fe7ec4b37fe7e53d335d3b9b0a7b1226fe3c6"
            ],
            "version": "==1.10.11"
        },
        "wtforms": {
            "hashes": [
                "sha256:ffdf10bd1fa565b8233380cb77a304cd36fd55c73023e91d4b803c96bc11d46f"
            ],
            "version": "==2.1"
        }
    },
    "develop": {}
}
